{
    "_readme": [
        "This file locks the dependencies of your project to a known state",
        "Read more about it at https://getcomposer.org/doc/01-basic-usage.md#installing-dependencies",
        "This file is @generated automatically"
    ],
    "content-hash": "19eb6da47fbfc12352622df9e1cece53",
    "packages": [
        {
            "name": "fivefilters/readability.php",
            "version": "v3.1.6",
            "source": {
                "type": "git",
                "url": "https://github.com/fivefilters/readability.php.git",
                "reference": "a00d35cb5eb14a236ba42326da9ac52c8c9f80a1"
            },
            "dist": {
                "type": "zip",
                "url": "https://api.github.com/repos/fivefilters/readability.php/zipball/a00d35cb5eb14a236ba42326da9ac52c8c9f80a1",
                "reference": "a00d35cb5eb14a236ba42326da9ac52c8c9f80a1",
                "shasum": ""
            },
            "require": {
                "ext-dom": "*",
                "ext-mbstring": "*",
                "ext-xml": "*",
                "league/uri": "~6.7.2",
                "masterminds/html5": "^2.0",
                "php": ">=7.4.0",
                "psr/log": "^1.0 || ^2.0 || ^3.0"
            },
            "require-dev": {
                "monolog/monolog": "^2.3",
                "phpunit/phpunit": "^9"
            },
            "suggest": {
                "monolog/monolog": "Allow logging debug information"
            },
            "type": "library",
            "autoload": {
                "psr-4": {
                    "fivefilters\\Readability\\": "src/"
                }
            },
            "notification-url": "https://packagist.org/downloads/",
            "license": [
                "Apache-2.0"
            ],
            "authors": [
                {
                    "name": "Andres Rey",
                    "email": "andreskrey@gmail.com",
                    "role": "Original Developer"
                },
                {
                    "name": "Keyvan Minoukadeh",
                    "email": "keyvan@fivefilters.org",
                    "homepage": "https://www.fivefilters.org",
                    "role": "Developer/Maintainer"
                }
            ],
            "description": "A PHP port of Readability.js",
            "homepage": "https://github.com/fivefilters/readability.php",
            "keywords": [
                "html",
                "readability"
            ],
            "support": {
                "issues": "https://github.com/fivefilters/readability.php/issues",
                "source": "https://github.com/fivefilters/readability.php/tree/v3.1.6"
            },
            "time": "2023-06-15T18:06:49+00:00"
        },
        {
            "name": "league/uri",
            "version": "6.7.2",
            "source": {
                "type": "git",
                "url": "https://github.com/thephpleague/uri.git",
                "reference": "d3b50812dd51f3fbf176344cc2981db03d10fe06"
            },
            "dist": {
                "type": "zip",
                "url": "https://api.github.com/repos/thephpleague/uri/zipball/d3b50812dd51f3fbf176344cc2981db03d10fe06",
                "reference": "d3b50812dd51f3fbf176344cc2981db03d10fe06",
                "shasum": ""
            },
            "require": {
                "ext-json": "*",
                "league/uri-interfaces": "^2.3",
                "php": "^7.4 || ^8.0",
                "psr/http-message": "^1.0"
            },
            "conflict": {
                "league/uri-schemes": "^1.0"
            },
            "require-dev": {
                "friendsofphp/php-cs-fixer": "^v3.3.2",
                "nyholm/psr7": "^1.5",
                "php-http/psr7-integration-tests": "^1.1",
                "phpstan/phpstan": "^1.2.0",
                "phpstan/phpstan-deprecation-rules": "^1.0",
                "phpstan/phpstan-phpunit": "^1.0.0",
                "phpstan/phpstan-strict-rules": "^1.1.0",
                "phpunit/phpunit": "^9.5.10",
                "psr/http-factory": "^1.0"
            },
            "suggest": {
                "ext-fileinfo": "Needed to create Data URI from a filepath",
                "ext-intl": "Needed to improve host validation",
                "league/uri-components": "Needed to easily manipulate URI objects",
                "psr/http-factory": "Needed to use the URI factory"
            },
            "type": "library",
            "extra": {
                "branch-alias": {
                    "dev-master": "6.x-dev"
                }
            },
            "autoload": {
                "psr-4": {
                    "League\\Uri\\": "src"
                }
            },
            "notification-url": "https://packagist.org/downloads/",
            "license": [
                "MIT"
            ],
            "authors": [
                {
                    "name": "Ignace Nyamagana Butera",
                    "email": "nyamsprod@gmail.com",
                    "homepage": "https://nyamsprod.com"
                }
            ],
            "description": "URI manipulation library",
            "homepage": "https://uri.thephpleague.com",
            "keywords": [
                "data-uri",
                "file-uri",
                "ftp",
                "hostname",
                "http",
                "https",
                "middleware",
                "parse_str",
                "parse_url",
                "psr-7",
                "query-string",
                "querystring",
                "rfc3986",
                "rfc3987",
                "rfc6570",
                "uri",
                "uri-template",
                "url",
                "ws"
            ],
            "support": {
                "docs": "https://uri.thephpleague.com",
                "forum": "https://thephpleague.slack.com",
                "issues": "https://github.com/thephpleague/uri/issues",
                "source": "https://github.com/thephpleague/uri/tree/6.7.2"
            },
            "funding": [
                {
                    "url": "https://github.com/sponsors/nyamsprod",
                    "type": "github"
                }
            ],
            "time": "2022-09-13T19:50:42+00:00"
        },
        {
            "name": "league/uri-interfaces",
            "version": "2.3.0",
            "source": {
                "type": "git",
                "url": "https://github.com/thephpleague/uri-interfaces.git",
                "reference": "00e7e2943f76d8cb50c7dfdc2f6dee356e15e383"
            },
            "dist": {
                "type": "zip",
                "url": "https://api.github.com/repos/thephpleague/uri-interfaces/zipball/00e7e2943f76d8cb50c7dfdc2f6dee356e15e383",
                "reference": "00e7e2943f76d8cb50c7dfdc2f6dee356e15e383",
                "shasum": ""
            },
            "require": {
                "ext-json": "*",
                "php": "^7.2 || ^8.0"
            },
            "require-dev": {
                "friendsofphp/php-cs-fixer": "^2.19",
                "phpstan/phpstan": "^0.12.90",
                "phpstan/phpstan-phpunit": "^0.12.19",
                "phpstan/phpstan-strict-rules": "^0.12.9",
                "phpunit/phpunit": "^8.5.15 || ^9.5"
            },
            "suggest": {
                "ext-intl": "to use the IDNA feature",
                "symfony/intl": "to use the IDNA feature via Symfony Polyfill"
            },
            "type": "library",
            "extra": {
                "branch-alias": {
                    "dev-master": "2.x-dev"
                }
            },
            "autoload": {
                "psr-4": {
                    "League\\Uri\\": "src/"
                }
            },
            "notification-url": "https://packagist.org/downloads/",
            "license": [
                "MIT"
            ],
            "authors": [
                {
                    "name": "Ignace Nyamagana Butera",
                    "email": "nyamsprod@gmail.com",
                    "homepage": "https://nyamsprod.com"
                }
            ],
            "description": "Common interface for URI representation",
            "homepage": "http://github.com/thephpleague/uri-interfaces",
            "keywords": [
                "rfc3986",
                "rfc3987",
                "uri",
                "url"
            ],
            "support": {
                "issues": "https://github.com/thephpleague/uri-interfaces/issues",
                "source": "https://github.com/thephpleague/uri-interfaces/tree/2.3.0"
            },
            "funding": [
                {
                    "url": "https://github.com/sponsors/nyamsprod",
                    "type": "github"
                }
            ],
            "time": "2021-06-28T04:27:21+00:00"
        },
        {
            "name": "masterminds/html5",
            "version": "2.8.1",
            "source": {
                "type": "git",
                "url": "https://github.com/Masterminds/html5-php.git",
                "reference": "f47dcf3c70c584de14f21143c55d9939631bc6cf"
            },
            "dist": {
                "type": "zip",
                "url": "https://api.github.com/repos/Masterminds/html5-php/zipball/f47dcf3c70c584de14f21143c55d9939631bc6cf",
                "reference": "f47dcf3c70c584de14f21143c55d9939631bc6cf",
                "shasum": ""
            },
            "require": {
                "ext-dom": "*",
                "php": ">=5.3.0"
            },
            "require-dev": {
                "phpunit/phpunit": "^4.8.35 || ^5.7.21 || ^6 || ^7 || ^8"
            },
            "type": "library",
            "extra": {
                "branch-alias": {
                    "dev-master": "2.7-dev"
                }
            },
            "autoload": {
                "psr-4": {
                    "Masterminds\\": "src"
                }
            },
            "notification-url": "https://packagist.org/downloads/",
            "license": [
                "MIT"
            ],
            "authors": [
                {
                    "name": "Matt Butcher",
                    "email": "technosophos@gmail.com"
                },
                {
                    "name": "Matt Farina",
                    "email": "matt@mattfarina.com"
                },
                {
                    "name": "Asmir Mustafic",
                    "email": "goetas@gmail.com"
                }
            ],
            "description": "An HTML5 parser and serializer.",
            "homepage": "http://masterminds.github.io/html5-php",
            "keywords": [
                "HTML5",
                "dom",
                "html",
                "parser",
                "querypath",
                "serializer",
                "xml"
            ],
            "support": {
                "issues": "https://github.com/Masterminds/html5-php/issues",
                "source": "https://github.com/Masterminds/html5-php/tree/2.8.1"
            },
            "time": "2023-05-10T11:58:31+00:00"
        },
        {
            "name": "psr/http-message",
            "version": "1.1",
            "source": {
                "type": "git",
                "url": "https://github.com/php-fig/http-message.git",
                "reference": "cb6ce4845ce34a8ad9e68117c10ee90a29919eba"
            },
            "dist": {
                "type": "zip",
                "url": "https://api.github.com/repos/php-fig/http-message/zipball/cb6ce4845ce34a8ad9e68117c10ee90a29919eba",
                "reference": "cb6ce4845ce34a8ad9e68117c10ee90a29919eba",
                "shasum": ""
            },
            "require": {
                "php": "^7.2 || ^8.0"
            },
            "type": "library",
            "extra": {
                "branch-alias": {
                    "dev-master": "1.1.x-dev"
                }
            },
            "autoload": {
                "psr-4": {
                    "Psr\\Http\\Message\\": "src/"
                }
            },
            "notification-url": "https://packagist.org/downloads/",
            "license": [
                "MIT"
            ],
            "authors": [
                {
                    "name": "PHP-FIG",
                    "homepage": "http://www.php-fig.org/"
                }
            ],
            "description": "Common interface for HTTP messages",
            "homepage": "https://github.com/php-fig/http-message",
            "keywords": [
                "http",
                "http-message",
                "psr",
                "psr-7",
                "request",
                "response"
            ],
            "support": {
                "source": "https://github.com/php-fig/http-message/tree/1.1"
            },
            "time": "2023-04-04T09:50:52+00:00"
        },
        {
            "name": "psr/log",
            "version": "3.0.0",
            "source": {
                "type": "git",
                "url": "https://github.com/php-fig/log.git",
                "reference": "fe5ea303b0887d5caefd3d431c3e61ad47037001"
            },
            "dist": {
                "type": "zip",
                "url": "https://api.github.com/repos/php-fig/log/zipball/fe5ea303b0887d5caefd3d431c3e61ad47037001",
                "reference": "fe5ea303b0887d5caefd3d431c3e61ad47037001",
                "shasum": ""
            },
            "require": {
                "php": ">=8.0.0"
            },
            "type": "library",
            "extra": {
                "branch-alias": {
                    "dev-master": "3.x-dev"
                }
            },
            "autoload": {
                "psr-4": {
                    "Psr\\Log\\": "src"
                }
            },
            "notification-url": "https://packagist.org/downloads/",
            "license": [
                "MIT"
            ],
            "authors": [
                {
                    "name": "PHP-FIG",
                    "homepage": "https://www.php-fig.org/"
                }
            ],
            "description": "Common interface for logging libraries",
            "homepage": "https://github.com/php-fig/log",
            "keywords": [
                "log",
                "psr",
                "psr-3"
            ],
            "support": {
                "source": "https://github.com/php-fig/log/tree/3.0.0"
            },
            "time": "2021-07-14T16:46:02+00:00"
        }
    ],
    "packages-dev": [],
    "aliases": [],
    "minimum-stability": "stable",
    "stability-flags": [],
    "prefer-stable": false,
    "prefer-lowest": false,
    "platform": [],
    "platform-dev": [],
    "plugin-api-version": "2.3.0"
}
